
Microsoft Visual Studio Solution File, Format Version 12.00
# Visual Studio Version 17
VisualStudioVersion = 17.1.32328.378
MinimumVisualStudioVersion = 10.0.40219.1
Project("{FAE04EC0-301F-11D3-BF4B-00C04F79EFBC}") = "Grocery_Management_System", "Grocery_Management_System\Grocery_Management_System.csproj", "{956183DE-7E67-4935-9D0B-286AB492725C}"
EndProject
Global
	GlobalSection(SolutionConfigurationPlatforms) = preSolution
		Debug|Any CPU = Debug|Any CPU
		Release|Any CPU = Release|Any CPU
	EndGlobalSection
	GlobalSection(ProjectConfigurationPlatforms) = postSolution
		{956183DE-7E67-4935-9D0B-286AB492725C}.Debug|Any CPU.ActiveCfg = Debug|Any CPU
		{956183DE-7E67-4935-9D0B-286AB492725C}.Debug|Any CPU.Build.0 = Debug|Any CPU
		{956183DE-7E67-4935-9D0B-286AB492725C}.Release|Any CPU.ActiveCfg = Release|Any CPU
		{956183DE-7E67-4935-9D0B-286AB492725C}.Release|Any CPU.Build.0 = Release|Any CPU
	EndGlobalSection
	GlobalSection(SolutionProperties) = preSolution
		HideSolutionNode = FALSE
	EndGlobalSection
	GlobalSection(ExtensibilityGlobals) = postSolution
		SolutionGuid = {63E9EE96-F13E-42BC-81F5-9CB6F83A9BAB}
	EndGlobalSection
EndGlobal
